[[dependencies]]
name = "@openzeppelin-contracts"
version = "5.0.0"
url = "https://soldeer-revisions.s3.amazonaws.com/@openzeppelin-contracts/5_0_0_22-01-2024_13:14:00_contracts.zip"
checksum = "92a7f5b4ed80537a180d2775e2d2840d59ab1fa89442084213fb4fd5f7f55688"
integrity = "9394b509841c15163a23f6dd50bb60c8e720176fc6ae79232cac105ed7d4c1aa"

[[dependencies]]
name = "forge-std"
version = "1.9.7"
url = "https://soldeer-revisions.s3.amazonaws.com/forge-std/1_9_7_28-04-2025_15:55:08_forge-std-1.9.zip"
checksum = "8d9e0a885fa8ee6429a4d344aeb6799119f6a94c7c4fe6f188df79b0dce294ba"
integrity = "9e60fdba82bc374df80db7f2951faff6467b9091873004a3d314cf0c084b3c7d"
